
Microsoft Visual Studio Solution File, Format Version 12.00
# Visual Studio Version 17
VisualStudioVersion = 17.7.34031.279
MinimumVisualStudioVersion = 10.0.40219.1
Project("{FAE04EC0-301F-11D3-BF4B-00C04F79EFBC}") = "outletstore", "outletstore\outletstore.csproj", "{3B3E2DE9-0EE6-4AB4-9159-620CC778C524}"
EndProject
Global
	GlobalSection(SolutionConfigurationPlatforms) = preSolution
		Debug|Any CPU = Debug|Any CPU
		Release|Any CPU = Release|Any CPU
	EndGlobalSection
	GlobalSection(ProjectConfigurationPlatforms) = postSolution
		{3B3E2DE9-0EE6-4AB4-9159-620CC778C524}.Debug|Any CPU.ActiveCfg = Debug|Any CPU
		{3B3E2DE9-0EE6-4AB4-9159-620CC778C524}.Debug|Any CPU.Build.0 = Debug|Any CPU
		{3B3E2DE9-0EE6-4AB4-9159-620CC778C524}.Release|Any CPU.ActiveCfg = Release|Any CPU
		{3B3E2DE9-0EE6-4AB4-9159-620CC778C524}.Release|Any CPU.Build.0 = Release|Any CPU
	EndGlobalSection
	GlobalSection(SolutionProperties) = preSolution
		HideSolutionNode = FALSE
	EndGlobalSection
	GlobalSection(ExtensibilityGlobals) = postSolution
		SolutionGuid = {7098248E-E36C-4CC4-BB53-49269B28503C}
	EndGlobalSection
EndGlobal
